
Microsoft Visual Studio Solution File, Format Version 12.00
# Visual Studio Version 16
VisualStudioVersion = 16.0.31605.320
MinimumVisualStudioVersion = 10.0.40219.1
Project("{FAE04EC0-301F-11D3-BF4B-00C04F79EFBC}") = "RockPaperScissorsGame", "RockPaperScissorsGame\RockPaperScissorsGame.csproj", "{51AD4BEF-B813-41D2-80CB-087365E5A318}"
EndProject
Project("{FAE04EC0-301F-11D3-BF4B-00C04F79EFBC}") = "RockPaperScissorsGame.Tests", "RockPaperScissorsGame.Tests\RockPaperScissorsGame.Tests.csproj", "{C74A4B03-54A2-4A16-8083-24F12EA5FCAB}"
EndProject
Global
	GlobalSection(SolutionConfigurationPlatforms) = preSolution
		Debug|Any CPU = Debug|Any CPU
		Release|Any CPU = Release|Any CPU
	EndGlobalSection
	GlobalSection(ProjectConfigurationPlatforms) = postSolution
		{51AD4BEF-B813-41D2-80CB-087365E5A318}.Debug|Any CPU.ActiveCfg = Debug|Any CPU
		{51AD4BEF-B813-41D2-80CB-087365E5A318}.Debug|Any CPU.Build.0 = Debug|Any CPU
		{51AD4BEF-B813-41D2-80CB-087365E5A318}.Release|Any CPU.ActiveCfg = Release|Any CPU
		{51AD4BEF-B813-41D2-80CB-087365E5A318}.Release|Any CPU.Build.0 = Release|Any CPU
		{C74A4B03-54A2-4A16-8083-24F12EA5FCAB}.Debug|Any CPU.ActiveCfg = Debug|Any CPU
		{C74A4B03-54A2-4A16-8083-24F12EA5FCAB}.Debug|Any CPU.Build.0 = Debug|Any CPU
		{C74A4B03-54A2-4A16-8083-24F12EA5FCAB}.Release|Any CPU.ActiveCfg = Release|Any CPU
		{C74A4B03-54A2-4A16-8083-24F12EA5FCAB}.Release|Any CPU.Build.0 = Release|Any CPU
	EndGlobalSection
	GlobalSection(SolutionProperties) = preSolution
		HideSolutionNode = FALSE
	EndGlobalSection
	GlobalSection(ExtensibilityGlobals) = postSolution
		SolutionGuid = {F3AEA9CD-7071-4640-A5FC-43A148E5C45F}
	EndGlobalSection
EndGlobal
